
Microsoft Visual Studio Solution File, Format Version 12.00
# Visual Studio Version 17
VisualStudioVersion = 17.6.33723.286
MinimumVisualStudioVersion = 10.0.40219.1
Project("{FAE04EC0-301F-11D3-BF4B-00C04F79EFBC}") = "DemoRedisCache", "DemoRedisCache\DemoRedisCache.csproj", "{A97E9F54-DDA0-4A8D-8C12-AA8543B25DCF}"
EndProject
Project("{FAE04EC0-301F-11D3-BF4B-00C04F79EFBC}") = "Utils", "Utils\Utils.csproj", "{C7AC12D2-2805-48EB-857D-6818335A5045}"
EndProject
Project("{FAE04EC0-301F-11D3-BF4B-00C04F79EFBC}") = "UI", "UI\UI.csproj", "{84FF57C5-0160-4F97-BEC0-7093C06EE959}"
EndProject
Global
	GlobalSection(SolutionConfigurationPlatforms) = preSolution
		Debug|Any CPU = Debug|Any CPU
		Release|Any CPU = Release|Any CPU
	EndGlobalSection
	GlobalSection(ProjectConfigurationPlatforms) = postSolution
		{A97E9F54-DDA0-4A8D-8C12-AA8543B25DCF}.Debug|Any CPU.ActiveCfg = Debug|Any CPU
		{A97E9F54-DDA0-4A8D-8C12-AA8543B25DCF}.Debug|Any CPU.Build.0 = Debug|Any CPU
		{A97E9F54-DDA0-4A8D-8C12-AA8543B25DCF}.Release|Any CPU.ActiveCfg = Release|Any CPU
		{A97E9F54-DDA0-4A8D-8C12-AA8543B25DCF}.Release|Any CPU.Build.0 = Release|Any CPU
		{C7AC12D2-2805-48EB-857D-6818335A5045}.Debug|Any CPU.ActiveCfg = Debug|Any CPU
		{C7AC12D2-2805-48EB-857D-6818335A5045}.Debug|Any CPU.Build.0 = Debug|Any CPU
		{C7AC12D2-2805-48EB-857D-6818335A5045}.Release|Any CPU.ActiveCfg = Release|Any CPU
		{C7AC12D2-2805-48EB-857D-6818335A5045}.Release|Any CPU.Build.0 = Release|Any CPU
		{84FF57C5-0160-4F97-BEC0-7093C06EE959}.Debug|Any CPU.ActiveCfg = Debug|Any CPU
		{84FF57C5-0160-4F97-BEC0-7093C06EE959}.Debug|Any CPU.Build.0 = Debug|Any CPU
		{84FF57C5-0160-4F97-BEC0-7093C06EE959}.Release|Any CPU.ActiveCfg = Release|Any CPU
		{84FF57C5-0160-4F97-BEC0-7093C06EE959}.Release|Any CPU.Build.0 = Release|Any CPU
	EndGlobalSection
	GlobalSection(SolutionProperties) = preSolution
		HideSolutionNode = FALSE
	EndGlobalSection
	GlobalSection(ExtensibilityGlobals) = postSolution
		SolutionGuid = {06B5B6D9-AB97-44EB-8BE4-A6483CFE1D59}
	EndGlobalSection
EndGlobal
